
Microsoft Visual Studio Solution File, Format Version 11.00
# Visual Studio 2010
Project("{FAE04EC0-301F-11D3-BF4B-00C04F79EFBC}") = "FzCompany.Core", "FzCompany.Core\FzCompany.Core.csproj", "{133912A5-AFC5-4230-8BCA-6EA2039641DB}"
EndProject
Project("{FAE04EC0-301F-11D3-BF4B-00C04F79EFBC}") = "FzCompany.HXSC", "FzCompany.HXSC\FzCompany.HXSC.csproj", "{2ABBAAF8-A277-4B4D-844E-A6035090EC3F}"
EndProject
Project("{FAE04EC0-301F-11D3-BF4B-00C04F79EFBC}") = "FzCompany.HXSC.BLL", "FzCompany.HXSC.BLL\FzCompany.HXSC.BLL.csproj", "{FC280A34-68A9-4B77-BBA5-98EBF9184E86}"
EndProject
Project("{FAE04EC0-301F-11D3-BF4B-00C04F79EFBC}") = "FzCompany.HXSC.Test", "FzCompany.HXSC.Test\FzCompany.HXSC.Test.csproj", "{0F486FDF-2186-4330-A79E-ED4432AFAD91}"
EndProject
Project("{FAE04EC0-301F-11D3-BF4B-00C04F79EFBC}") = "FzCompany.HXSC.EfModel", "FzCompany.HXSC.EfModel\FzCompany.HXSC.EfModel.csproj", "{80FB74B1-5E2F-4F9B-9472-1E127D556B6B}"
EndProject
Global
	GlobalSection(TeamFoundationVersionControl) = preSolution
		SccNumberOfProjects = 6
		SccEnterpriseProvider = {4CA58AB2-18FA-4F8D-95D4-32DDF27D184C}
		SccTeamFoundationServer = http://117.27.145.78:8080/tfs/defaultcollection
		SccLocalPath0 = .
		SccProjectUniqueName1 = FzCompany.Core\\FzCompany.Core.csproj
		SccProjectName1 = FzCompany.Core
		SccLocalPath1 = FzCompany.Core
		SccProjectUniqueName2 = FzCompany.HXSC.BLL\\FzCompany.HXSC.BLL.csproj
		SccProjectName2 = FzCompany.HXSC.BLL
		SccLocalPath2 = FzCompany.HXSC.BLL
		SccProjectUniqueName3 = FzCompany.HXSC.EfModel\\FzCompany.HXSC.EfModel.csproj
		SccProjectName3 = FzCompany.HXSC.EfModel
		SccLocalPath3 = FzCompany.HXSC.EfModel
		SccProjectUniqueName4 = FzCompany.HXSC.Test\\FzCompany.HXSC.Test.csproj
		SccProjectName4 = FzCompany.HXSC.Test
		SccLocalPath4 = FzCompany.HXSC.Test
		SccProjectUniqueName5 = FzCompany.HXSC\\FzCompany.HXSC.csproj
		SccProjectName5 = FzCompany.HXSC
		SccLocalPath5 = FzCompany.HXSC
	EndGlobalSection
	GlobalSection(SolutionConfigurationPlatforms) = preSolution
		Debug|Any CPU = Debug|Any CPU
		Release|Any CPU = Release|Any CPU
	EndGlobalSection
	GlobalSection(ProjectConfigurationPlatforms) = postSolution
		{133912A5-AFC5-4230-8BCA-6EA2039641DB}.Debug|Any CPU.ActiveCfg = Debug|Any CPU
		{133912A5-AFC5-4230-8BCA-6EA2039641DB}.Debug|Any CPU.Build.0 = Debug|Any CPU
		{133912A5-AFC5-4230-8BCA-6EA2039641DB}.Release|Any CPU.ActiveCfg = Release|Any CPU
		{133912A5-AFC5-4230-8BCA-6EA2039641DB}.Release|Any CPU.Build.0 = Release|Any CPU
		{2ABBAAF8-A277-4B4D-844E-A6035090EC3F}.Debug|Any CPU.ActiveCfg = Debug|Any CPU
		{2ABBAAF8-A277-4B4D-844E-A6035090EC3F}.Debug|Any CPU.Build.0 = Debug|Any CPU
		{2ABBAAF8-A277-4B4D-844E-A6035090EC3F}.Release|Any CPU.ActiveCfg = Release|Any CPU
		{2ABBAAF8-A277-4B4D-844E-A6035090EC3F}.Release|Any CPU.Build.0 = Release|Any CPU
		{FC280A34-68A9-4B77-BBA5-98EBF9184E86}.Debug|Any CPU.ActiveCfg = Debug|Any CPU
		{FC280A34-68A9-4B77-BBA5-98EBF9184E86}.Debug|Any CPU.Build.0 = Debug|Any CPU
		{FC280A34-68A9-4B77-BBA5-98EBF9184E86}.Release|Any CPU.ActiveCfg = Release|Any CPU
		{FC280A34-68A9-4B77-BBA5-98EBF9184E86}.Release|Any CPU.Build.0 = Release|Any CPU
		{0F486FDF-2186-4330-A79E-ED4432AFAD91}.Debug|Any CPU.ActiveCfg = Debug|Any CPU
		{0F486FDF-2186-4330-A79E-ED4432AFAD91}.Debug|Any CPU.Build.0 = Debug|Any CPU
		{0F486FDF-2186-4330-A79E-ED4432AFAD91}.Release|Any CPU.ActiveCfg = Release|Any CPU
		{0F486FDF-2186-4330-A79E-ED4432AFAD91}.Release|Any CPU.Build.0 = Release|Any CPU
		{80FB74B1-5E2F-4F9B-9472-1E127D556B6B}.Debug|Any CPU.ActiveCfg = Debug|Any CPU
		{80FB74B1-5E2F-4F9B-9472-1E127D556B6B}.Debug|Any CPU.Build.0 = Debug|Any CPU
		{80FB74B1-5E2F-4F9B-9472-1E127D556B6B}.Release|Any CPU.ActiveCfg = Release|Any CPU
		{80FB74B1-5E2F-4F9B-9472-1E127D556B6B}.Release|Any CPU.Build.0 = Release|Any CPU
	EndGlobalSection
	GlobalSection(SolutionProperties) = preSolution
		HideSolutionNode = FALSE
	EndGlobalSection
EndGlobal
